
Microsoft Visual Studio Solution File, Format Version 12.00
# Visual Studio 15
Project("{FAE04EC0-301F-11D3-BF4B-00C04F79EFBC}") = "Assembly-CSharp", "Assembly-CSharp.csproj", "{74785DC2-7DCB-D0BD-B1A8-42E524CD9816}"
EndProject
Project("{FAE04EC0-301F-11D3-BF4B-00C04F79EFBC}") = "Assembly-CSharp-Editor", "Assembly-CSharp-Editor.csproj", "{412D50E5-6F1A-E7F8-B584-B6B5CF75B437}"
EndProject
Global
	GlobalSection(SolutionConfigurationPlatforms) = preSolution
		Debug|Any CPU = Debug|Any CPU
		Release|Any CPU = Release|Any CPU
	EndGlobalSection
	GlobalSection(ProjectConfigurationPlatforms) = postSolution
		{74785DC2-7DCB-D0BD-B1A8-42E524CD9816}.Debug|Any CPU.ActiveCfg = Debug|Any CPU
		{74785DC2-7DCB-D0BD-B1A8-42E524CD9816}.Debug|Any CPU.Build.0 = Debug|Any CPU
		{74785DC2-7DCB-D0BD-B1A8-42E524CD9816}.Release|Any CPU.ActiveCfg = Release|Any CPU
		{74785DC2-7DCB-D0BD-B1A8-42E524CD9816}.Release|Any CPU.Build.0 = Release|Any CPU
		{412D50E5-6F1A-E7F8-B584-B6B5CF75B437}.Debug|Any CPU.ActiveCfg = Debug|Any CPU
		{412D50E5-6F1A-E7F8-B584-B6B5CF75B437}.Debug|Any CPU.Build.0 = Debug|Any CPU
		{412D50E5-6F1A-E7F8-B584-B6B5CF75B437}.Release|Any CPU.ActiveCfg = Release|Any CPU
		{412D50E5-6F1A-E7F8-B584-B6B5CF75B437}.Release|Any CPU.Build.0 = Release|Any CPU
	EndGlobalSection
	GlobalSection(SolutionProperties) = preSolution
		HideSolutionNode = FALSE
	EndGlobalSection
EndGlobal
